// !$*UTF8*$!
{
	archiveVersion = 1;
	classes = {
	};
	objectVersion = 56;
	objects = {

/* Begin PBXBuildFile section */
		B93EB95C2A24110C00BB9DB6 /* MoviesApp.swift in Sources */ = {isa = PBXBuildFile; fileRef = B93EB95B2A24110C00BB9DB6 /* MoviesApp.swift */; };
		B93EB95E2A24110C00BB9DB6 /* ContentView.swift in Sources */ = {isa = PBXBuildFile; fileRef = B93EB95D2A24110C00BB9DB6 /* ContentView.swift */; };
		B93EB9602A24110D00BB9DB6 /* Assets.xcassets in Resources */ = {isa = PBXBuildFile; fileRef = B93EB95F2A24110D00BB9DB6 /* Assets.xcassets */; };
		B93EB9632A24110D00BB9DB6 /* Preview Assets.xcassets in Resources */ = {isa = PBXBuildFile; fileRef = B93EB9622A24110D00BB9DB6 /* Preview Assets.xcassets */; };
		B93EB9652A24110D00BB9DB6 /* PersistenceController.swift in Sources */ = {isa = PBXBuildFile; fileRef = B93EB9642A24110D00BB9DB6 /* PersistenceController.swift */; };
		B93EB9682A24110D00BB9DB6 /* Movies.xcdatamodeld in Sources */ = {isa = PBXBuildFile; fileRef = B93EB9662A24110D00BB9DB6 /* Movies.xcdatamodeld */; };
		B93EB97C2A24110D00BB9DB6 /* MoviesUITests.swift in Sources */ = {isa = PBXBuildFile; fileRef = B93EB97B2A24110D00BB9DB6 /* MoviesUITests.swift */; };
		B93EB97E2A24110D00BB9DB6 /* MoviesUITestsLaunchTests.swift in Sources */ = {isa = PBXBuildFile; fileRef = B93EB97D2A24110D00BB9DB6 /* MoviesUITestsLaunchTests.swift */; };
		B93EB98C2A24134000BB9DB6 /* SearchBar.swift in Sources */ = {isa = PBXBuildFile; fileRef = B93EB98B2A24134000BB9DB6 /* SearchBar.swift */; };
		B93EB98F2A24148B00BB9DB6 /* SearchScreen.swift in Sources */ = {isa = PBXBuildFile; fileRef = B93EB98E2A24148B00BB9DB6 /* SearchScreen.swift */; };
		B93EB9922A241C0100BB9DB6 /* Constants.swift in Sources */ = {isa = PBXBuildFile; fileRef = B93EB9912A241C0100BB9DB6 /* Constants.swift */; };
		B93EB9952A24207C00BB9DB6 /* URLExtension.swift in Sources */ = {isa = PBXBuildFile; fileRef = B93EB9942A24207C00BB9DB6 /* URLExtension.swift */; };
		B93EB9982A24227E00BB9DB6 /* RealNetworkService.swift in Sources */ = {isa = PBXBuildFile; fileRef = B93EB9972A24227E00BB9DB6 /* RealNetworkService.swift */; };
		B93EB99B2A24231F00BB9DB6 /* SearchMovieAPIResponse.swift in Sources */ = {isa = PBXBuildFile; fileRef = B93EB99A2A24231F00BB9DB6 /* SearchMovieAPIResponse.swift */; };
		B93EB99D2A2425A900BB9DB6 /* Movie.swift in Sources */ = {isa = PBXBuildFile; fileRef = B93EB99C2A2425A900BB9DB6 /* Movie.swift */; };
		B93EB9A02A2432D100BB9DB6 /* MovieAVM.swift in Sources */ = {isa = PBXBuildFile; fileRef = B93EB99F2A2432D100BB9DB6 /* MovieAVM.swift */; };
		B93EB9A52A2452A800BB9DB6 /* ErrorViewModifier.swift in Sources */ = {isa = PBXBuildFile; fileRef = B93EB9A42A2452A800BB9DB6 /* ErrorViewModifier.swift */; };
		B93EB9A92A2453D400BB9DB6 /* NetworkError.swift in Sources */ = {isa = PBXBuildFile; fileRef = B93EB9A82A2453D400BB9DB6 /* NetworkError.swift */; };
		B93EB9AB2A24540E00BB9DB6 /* NetworkErrorExtension.swift in Sources */ = {isa = PBXBuildFile; fileRef = B93EB9AA2A24540E00BB9DB6 /* NetworkErrorExtension.swift */; };
		B93EB9AD2A24565E00BB9DB6 /* EmptyListViewModifier.swift in Sources */ = {isa = PBXBuildFile; fileRef = B93EB9AC2A24565E00BB9DB6 /* EmptyListViewModifier.swift */; };
		B93EB9AF2A2457D500BB9DB6 /* MovieCellView.swift in Sources */ = {isa = PBXBuildFile; fileRef = B93EB9AE2A2457D500BB9DB6 /* MovieCellView.swift */; };
		B93EB9B12A2457E600BB9DB6 /* MovieDetailView.swift in Sources */ = {isa = PBXBuildFile; fileRef = B93EB9B02A2457E600BB9DB6 /* MovieDetailView.swift */; };
		B93EB9B32A25733900BB9DB6 /* ViewExtension.swift in Sources */ = {isa = PBXBuildFile; fileRef = B93EB9B22A25733900BB9DB6 /* ViewExtension.swift */; };
		B9492E822A26F5A8006ADDCB /* PersistenceError.swift in Sources */ = {isa = PBXBuildFile; fileRef = B9492E812A26F5A8006ADDCB /* PersistenceError.swift */; };
		B9492E842A26F735006ADDCB /* PersistenceErrorExtension.swift in Sources */ = {isa = PBXBuildFile; fileRef = B9492E832A26F735006ADDCB /* PersistenceErrorExtension.swift */; };
		B9541E582A282F8600E52A42 /* ImageInDiskCacheView.swift in Sources */ = {isa = PBXBuildFile; fileRef = B9541E572A282F8600E52A42 /* ImageInDiskCacheView.swift */; };
		B9541E5A2A2846DA00E52A42 /* MyFileManager.swift in Sources */ = {isa = PBXBuildFile; fileRef = B9541E592A2846DA00E52A42 /* MyFileManager.swift */; };
		B9541E5C2A29535600E52A42 /* MovieAVMTests.swift in Sources */ = {isa = PBXBuildFile; fileRef = B9541E5B2A29535600E52A42 /* MovieAVMTests.swift */; };
		B9541E5F2A2963A500E52A42 /* NetworkService.swift in Sources */ = {isa = PBXBuildFile; fileRef = B9541E5E2A2963A500E52A42 /* NetworkService.swift */; };
		B9541E612A29645000E52A42 /* MockNetworkService.swift in Sources */ = {isa = PBXBuildFile; fileRef = B9541E602A29645000E52A42 /* MockNetworkService.swift */; };
		B9541E632A29761500E52A42 /* PersistenceControllerTests.swift in Sources */ = {isa = PBXBuildFile; fileRef = B9541E622A29761500E52A42 /* PersistenceControllerTests.swift */; };
		B9541E652A2978D300E52A42 /* MyFileManagerTests.swift in Sources */ = {isa = PBXBuildFile; fileRef = B9541E642A2978D300E52A42 /* MyFileManagerTests.swift */; };
/* End PBXBuildFile section */

/* Begin PBXContainerItemProxy section */
		B93EB96E2A24110D00BB9DB6 /* PBXContainerItemProxy */ = {
			isa = PBXContainerItemProxy;
			containerPortal = B93EB9502A24110C00BB9DB6 /* Project object */;
			proxyType = 1;
			remoteGlobalIDString = B93EB9572A24110C00BB9DB6;
			remoteInfo = Movies;
		};
		B93EB9782A24110D00BB9DB6 /* PBXContainerItemProxy */ = {
			isa = PBXContainerItemProxy;
			containerPortal = B93EB9502A24110C00BB9DB6 /* Project object */;
			proxyType = 1;
			remoteGlobalIDString = B93EB9572A24110C00BB9DB6;
			remoteInfo = Movies;
		};
/* End PBXContainerItemProxy section */

/* Begin PBXFileReference section */
		B93EB9582A24110C00BB9DB6 /* Movies.app */ = {isa = PBXFileReference; explicitFileType = wrapper.application; includeInIndex = 0; path = Movies.app; sourceTree = BUILT_PRODUCTS_DIR; };
		B93EB95B2A24110C00BB9DB6 /* MoviesApp.swift */ = {isa = PBXFileReference; lastKnownFileType = sourcecode.swift; path = MoviesApp.swift; sourceTree = "<group>"; };
		B93EB95D2A24110C00BB9DB6 /* ContentView.swift */ = {isa = PBXFileReference; lastKnownFileType = sourcecode.swift; path = ContentView.swift; sourceTree = "<group>"; };
		B93EB95F2A24110D00BB9DB6 /* Assets.xcassets */ = {isa = PBXFileReference; lastKnownFileType = folder.assetcatalog; path = Assets.xcassets; sourceTree = "<group>"; };
		B93EB9622A24110D00BB9DB6 /* Preview Assets.xcassets */ = {isa = PBXFileReference; lastKnownFileType = folder.assetcatalog; path = "Preview Assets.xcassets"; sourceTree = "<group>"; };
		B93EB9642A24110D00BB9DB6 /* PersistenceController.swift */ = {isa = PBXFileReference; lastKnownFileType = sourcecode.swift; path = PersistenceController.swift; sourceTree = "<group>"; };
		B93EB9672A24110D00BB9DB6 /* Movies.xcdatamodel */ = {isa = PBXFileReference; lastKnownFileType = wrapper.xcdatamodel; path = Movies.xcdatamodel; sourceTree = "<group>"; };
		B93EB96D2A24110D00BB9DB6 /* MoviesTests.xctest */ = {isa = PBXFileReference; explicitFileType = wrapper.cfbundle; includeInIndex = 0; path = MoviesTests.xctest; sourceTree = BUILT_PRODUCTS_DIR; };
		B93EB9772A24110D00BB9DB6 /* MoviesUITests.xctest */ = {isa = PBXFileReference; explicitFileType = wrapper.cfbundle; includeInIndex = 0; path = MoviesUITests.xctest; sourceTree = BUILT_PRODUCTS_DIR; };
		B93EB97B2A24110D00BB9DB6 /* MoviesUITests.swift */ = {isa = PBXFileReference; lastKnownFileType = sourcecode.swift; path = MoviesUITests.swift; sourceTree = "<group>"; };
		B93EB97D2A24110D00BB9DB6 /* MoviesUITestsLaunchTests.swift */ = {isa = PBXFileReference; lastKnownFileType = sourcecode.swift; path = MoviesUITestsLaunchTests.swift; sourceTree = "<group>"; };
		B93EB98B2A24134000BB9DB6 /* SearchBar.swift */ = {isa = PBXFileReference; lastKnownFileType = sourcecode.swift; path = SearchBar.swift; sourceTree = "<group>"; };
		B93EB98E2A24148B00BB9DB6 /* SearchScreen.swift */ = {isa = PBXFileReference; lastKnownFileType = sourcecode.swift; path = SearchScreen.swift; sourceTree = "<group>"; };
		B93EB9912A241C0100BB9DB6 /* Constants.swift */ = {isa = PBXFileReference; lastKnownFileType = sourcecode.swift; path = Constants.swift; sourceTree = "<group>"; };
		B93EB9942A24207C00BB9DB6 /* URLExtension.swift */ = {isa = PBXFileReference; lastKnownFileType = sourcecode.swift; path = URLExtension.swift; sourceTree = "<group>"; };
		B93EB9972A24227E00BB9DB6 /* RealNetworkService.swift */ = {isa = PBXFileReference; lastKnownFileType = sourcecode.swift; path = RealNetworkService.swift; sourceTree = "<group>"; };
		B93EB99A2A24231F00BB9DB6 /* SearchMovieAPIResponse.swift */ = {isa = PBXFileReference; lastKnownFileType = sourcecode.swift; path = SearchMovieAPIResponse.swift; sourceTree = "<group>"; };
		B93EB99C2A2425A900BB9DB6 /* Movie.swift */ = {isa = PBXFileReference; lastKnownFileType = sourcecode.swift; path = Movie.swift; sourceTree = "<group>"; };
		B93EB99F2A2432D100BB9DB6 /* MovieAVM.swift */ = {isa = PBXFileReference; lastKnownFileType = sourcecode.swift; path = MovieAVM.swift; sourceTree = "<group>"; };
		B93EB9A42A2452A800BB9DB6 /* ErrorViewModifier.swift */ = {isa = PBXFileReference; lastKnownFileType = sourcecode.swift; path = ErrorViewModifier.swift; sourceTree = "<group>"; };
		B93EB9A82A2453D400BB9DB6 /* NetworkError.swift */ = {isa = PBXFileReference; lastKnownFileType = sourcecode.swift; path = NetworkError.swift; sourceTree = "<group>"; };
		B93EB9AA2A24540E00BB9DB6 /* NetworkErrorExtension.swift */ = {isa = PBXFileReference; lastKnownFileType = sourcecode.swift; path = NetworkErrorExtension.swift; sourceTree = "<group>"; };
		B93EB9AC2A24565E00BB9DB6 /* EmptyListViewModifier.swift */ = {isa = PBXFileReference; lastKnownFileType = sourcecode.swift; path = EmptyListViewModifier.swift; sourceTree = "<group>"; };
		B93EB9AE2A2457D500BB9DB6 /* MovieCellView.swift */ = {isa = PBXFileReference; lastKnownFileType = sourcecode.swift; path = MovieCellView.swift; sourceTree = "<group>"; };
		B93EB9B02A2457E600BB9DB6 /* MovieDetailView.swift */ = {isa = PBXFileReference; lastKnownFileType = sourcecode.swift; path = MovieDetailView.swift; sourceTree = "<group>"; };
		B93EB9B22A25733900BB9DB6 /* ViewExtension.swift */ = {isa = PBXFileReference; lastKnownFileType = sourcecode.swift; path = ViewExtension.swift; sourceTree = "<group>"; };
		B9492E812A26F5A8006ADDCB /* PersistenceError.swift */ = {isa = PBXFileReference; lastKnownFileType = sourcecode.swift; path = PersistenceError.swift; sourceTree = "<group>"; };
		B9492E832A26F735006ADDCB /* PersistenceErrorExtension.swift */ = {isa = PBXFileReference; lastKnownFileType = sourcecode.swift; path = PersistenceErrorExtension.swift; sourceTree = "<group>"; };
		B9541E572A282F8600E52A42 /* ImageInDiskCacheView.swift */ = {isa = PBXFileReference; lastKnownFileType = sourcecode.swift; path = ImageInDiskCacheView.swift; sourceTree = "<group>"; };
		B9541E592A2846DA00E52A42 /* MyFileManager.swift */ = {isa = PBXFileReference; lastKnownFileType = sourcecode.swift; path = MyFileManager.swift; sourceTree = "<group>"; };
		B9541E5B2A29535600E52A42 /* MovieAVMTests.swift */ = {isa = PBXFileReference; lastKnownFileType = sourcecode.swift; path = MovieAVMTests.swift; sourceTree = "<group>"; };
		B9541E5E2A2963A500E52A42 /* NetworkService.swift */ = {isa = PBXFileReference; lastKnownFileType = sourcecode.swift; path = NetworkService.swift; sourceTree = "<group>"; };
		B9541E602A29645000E52A42 /* MockNetworkService.swift */ = {isa = PBXFileReference; lastKnownFileType = sourcecode.swift; path = MockNetworkService.swift; sourceTree = "<group>"; };
		B9541E622A29761500E52A42 /* PersistenceControllerTests.swift */ = {isa = PBXFileReference; lastKnownFileType = sourcecode.swift; path = PersistenceControllerTests.swift; sourceTree = "<group>"; };
		B9541E642A2978D300E52A42 /* MyFileManagerTests.swift */ = {isa = PBXFileReference; lastKnownFileType = sourcecode.swift; path = MyFileManagerTests.swift; sourceTree = "<group>"; };
/* End PBXFileReference section */

/* Begin PBXFrameworksBuildPhase section */
		B93EB9552A24110C00BB9DB6 /* Frameworks */ = {
			isa = PBXFrameworksBuildPhase;
			buildActionMask = 2147483647;
			files = (
			);
			runOnlyForDeploymentPostprocessing = 0;
		};
		B93EB96A2A24110D00BB9DB6 /* Frameworks */ = {
			isa = PBXFrameworksBuildPhase;
			buildActionMask = 2147483647;
			files = (
			);
			runOnlyForDeploymentPostprocessing = 0;
		};
		B93EB9742A24110D00BB9DB6 /* Frameworks */ = {
			isa = PBXFrameworksBuildPhase;
			buildActionMask = 2147483647;
			files = (
			);
			runOnlyForDeploymentPostprocessing = 0;
		};
/* End PBXFrameworksBuildPhase section */

/* Begin PBXGroup section */
		B93EB94F2A24110C00BB9DB6 = {
			isa = PBXGroup;
			children = (
				B93EB95A2A24110C00BB9DB6 /* Movies */,
				B93EB9702A24110D00BB9DB6 /* MoviesTests */,
				B93EB97A2A24110D00BB9DB6 /* MoviesUITests */,
				B93EB9592A24110C00BB9DB6 /* Products */,
			);
			sourceTree = "<group>";
		};
		B93EB9592A24110C00BB9DB6 /* Products */ = {
			isa = PBXGroup;
			children = (
				B93EB9582A24110C00BB9DB6 /* Movies.app */,
				B93EB96D2A24110D00BB9DB6 /* MoviesTests.xctest */,
				B93EB9772A24110D00BB9DB6 /* MoviesUITests.xctest */,
			);
			name = Products;
			sourceTree = "<group>";
		};
		B93EB95A2A24110C00BB9DB6 /* Movies */ = {
			isa = PBXGroup;
			children = (
				B93EB95B2A24110C00BB9DB6 /* MoviesApp.swift */,
				B93EB95D2A24110C00BB9DB6 /* ContentView.swift */,
				B9541E5D2A29636B00E52A42 /* Protocols */,
				B93EB9A12A2451FF00BB9DB6 /* Modifiers */,
				B93EB99E2A24329000BB9DB6 /* Aggregate View Models */,
				B93EB9992A2422F800BB9DB6 /* Models */,
				B93EB9962A24226F00BB9DB6 /* Services */,
				B93EB9932A24205F00BB9DB6 /* Extensions */,
				B93EB9902A241BEA00BB9DB6 /* Utils */,
				B93EB98D2A24135200BB9DB6 /* Screens */,
				B93EB98A2A24131F00BB9DB6 /* Views */,
				B93EB95F2A24110D00BB9DB6 /* Assets.xcassets */,
				B93EB9662A24110D00BB9DB6 /* Movies.xcdatamodeld */,
				B93EB9612A24110D00BB9DB6 /* Preview Content */,
			);
			path = Movies;
			sourceTree = "<group>";
		};
		B93EB9612A24110D00BB9DB6 /* Preview Content */ = {
			isa = PBXGroup;
			children = (
				B93EB9622A24110D00BB9DB6 /* Preview Assets.xcassets */,
			);
			path = "Preview Content";
			sourceTree = "<group>";
		};
		B93EB9702A24110D00BB9DB6 /* MoviesTests */ = {
			isa = PBXGroup;
			children = (
				B9541E5B2A29535600E52A42 /* MovieAVMTests.swift */,
				B9541E622A29761500E52A42 /* PersistenceControllerTests.swift */,
				B9541E642A2978D300E52A42 /* MyFileManagerTests.swift */,
			);
			path = MoviesTests;
			sourceTree = "<group>";
		};
		B93EB97A2A24110D00BB9DB6 /* MoviesUITests */ = {
			isa = PBXGroup;
			children = (
				B93EB97B2A24110D00BB9DB6 /* MoviesUITests.swift */,
				B93EB97D2A24110D00BB9DB6 /* MoviesUITestsLaunchTests.swift */,
			);
			path = MoviesUITests;
			sourceTree = "<group>";
		};
		B93EB98A2A24131F00BB9DB6 /* Views */ = {
			isa = PBXGroup;
			children = (
				B93EB98B2A24134000BB9DB6 /* SearchBar.swift */,
				B93EB9AE2A2457D500BB9DB6 /* MovieCellView.swift */,
				B93EB9B02A2457E600BB9DB6 /* MovieDetailView.swift */,
				B9541E572A282F8600E52A42 /* ImageInDiskCacheView.swift */,
			);
			path = Views;
			sourceTree = "<group>";
		};
		B93EB98D2A24135200BB9DB6 /* Screens */ = {
			isa = PBXGroup;
			children = (
				B93EB98E2A24148B00BB9DB6 /* SearchScreen.swift */,
			);
			path = Screens;
			sourceTree = "<group>";
		};
		B93EB9902A241BEA00BB9DB6 /* Utils */ = {
			isa = PBXGroup;
			children = (
				B93EB9912A241C0100BB9DB6 /* Constants.swift */,
			);
			path = Utils;
			sourceTree = "<group>";
		};
		B93EB9932A24205F00BB9DB6 /* Extensions */ = {
			isa = PBXGroup;
			children = (
				B93EB9942A24207C00BB9DB6 /* URLExtension.swift */,
				B93EB9AA2A24540E00BB9DB6 /* NetworkErrorExtension.swift */,
				B9492E832A26F735006ADDCB /* PersistenceErrorExtension.swift */,
				B93EB9B22A25733900BB9DB6 /* ViewExtension.swift */,
			);
			path = Extensions;
			sourceTree = "<group>";
		};
		B93EB9962A24226F00BB9DB6 /* Services */ = {
			isa = PBXGroup;
			children = (
				B93EB9972A24227E00BB9DB6 /* RealNetworkService.swift */,
				B9541E602A29645000E52A42 /* MockNetworkService.swift */,
				B93EB9642A24110D00BB9DB6 /* PersistenceController.swift */,
				B9541E592A2846DA00E52A42 /* MyFileManager.swift */,
			);
			path = Services;
			sourceTree = "<group>";
		};
		B93EB9992A2422F800BB9DB6 /* Models */ = {
			isa = PBXGroup;
			children = (
				B93EB99A2A24231F00BB9DB6 /* SearchMovieAPIResponse.swift */,
				B93EB99C2A2425A900BB9DB6 /* Movie.swift */,
				B93EB9A82A2453D400BB9DB6 /* NetworkError.swift */,
				B9492E812A26F5A8006ADDCB /* PersistenceError.swift */,
			);
			path = Models;
			sourceTree = "<group>";
		};
		B93EB99E2A24329000BB9DB6 /* Aggregate View Models */ = {
			isa = PBXGroup;
			children = (
				B93EB99F2A2432D100BB9DB6 /* MovieAVM.swift */,
			);
			path = "Aggregate View Models";
			sourceTree = "<group>";
		};
		B93EB9A12A2451FF00BB9DB6 /* Modifiers */ = {
			isa = PBXGroup;
			children = (
				B93EB9A42A2452A800BB9DB6 /* ErrorViewModifier.swift */,
				B93EB9AC2A24565E00BB9DB6 /* EmptyListViewModifier.swift */,
			);
			path = Modifiers;
			sourceTree = "<group>";
		};
		B9541E5D2A29636B00E52A42 /* Protocols */ = {
			isa = PBXGroup;
			children = (
				B9541E5E2A2963A500E52A42 /* NetworkService.swift */,
			);
			path = Protocols;
			sourceTree = "<group>";
		};
/* End PBXGroup section */

/* Begin PBXNativeTarget section */
		B93EB9572A24110C00BB9DB6 /* Movies */ = {
			isa = PBXNativeTarget;
			buildConfigurationList = B93EB9812A24110D00BB9DB6 /* Build configuration list for PBXNativeTarget "Movies" */;
			buildPhases = (
				B93EB9542A24110C00BB9DB6 /* Sources */,
				B93EB9552A24110C00BB9DB6 /* Frameworks */,
				B93EB9562A24110C00BB9DB6 /* Resources */,
			);
			buildRules = (
			);
			dependencies = (
			);
			name = Movies;
			productName = Movies;
			productReference = B93EB9582A24110C00BB9DB6 /* Movies.app */;
			productType = "com.apple.product-type.application";
		};
		B93EB96C2A24110D00BB9DB6 /* MoviesTests */ = {
			isa = PBXNativeTarget;
			buildConfigurationList = B93EB9842A24110D00BB9DB6 /* Build configuration list for PBXNativeTarget "MoviesTests" */;
			buildPhases = (
				B93EB9692A24110D00BB9DB6 /* Sources */,
				B93EB96A2A24110D00BB9DB6 /* Frameworks */,
				B93EB96B2A24110D00BB9DB6 /* Resources */,
			);
			buildRules = (
			);
			dependencies = (
				B93EB96F2A24110D00BB9DB6 /* PBXTargetDependency */,
			);
			name = MoviesTests;
			productName = MoviesTests;
			productReference = B93EB96D2A24110D00BB9DB6 /* MoviesTests.xctest */;
			productType = "com.apple.product-type.bundle.unit-test";
		};
		B93EB9762A24110D00BB9DB6 /* MoviesUITests */ = {
			isa = PBXNativeTarget;
			buildConfigurationList = B93EB9872A24110D00BB9DB6 /* Build configuration list for PBXNativeTarget "MoviesUITests" */;
			buildPhases = (
				B93EB9732A24110D00BB9DB6 /* Sources */,
				B93EB9742A24110D00BB9DB6 /* Frameworks */,
				B93EB9752A24110D00BB9DB6 /* Resources */,
			);
			buildRules = (
			);
			dependencies = (
				B93EB9792A24110D00BB9DB6 /* PBXTargetDependency */,
			);
			name = MoviesUITests;
			productName = MoviesUITests;
			productReference = B93EB9772A24110D00BB9DB6 /* MoviesUITests.xctest */;
			productType = "com.apple.product-type.bundle.ui-testing";
		};
/* End PBXNativeTarget section */

/* Begin PBXProject section */
		B93EB9502A24110C00BB9DB6 /* Project object */ = {
			isa = PBXProject;
			attributes = {
				BuildIndependentTargetsInParallel = 1;
				LastSwiftUpdateCheck = 1430;
				LastUpgradeCheck = 1430;
				TargetAttributes = {
					B93EB9572A24110C00BB9DB6 = {
						CreatedOnToolsVersion = 14.3;
					};
					B93EB96C2A24110D00BB9DB6 = {
						CreatedOnToolsVersion = 14.3;
						TestTargetID = B93EB9572A24110C00BB9DB6;
					};
					B93EB9762A24110D00BB9DB6 = {
						CreatedOnToolsVersion = 14.3;
						TestTargetID = B93EB9572A24110C00BB9DB6;
					};
				};
			};
			buildConfigurationList = B93EB9532A24110C00BB9DB6 /* Build configuration list for PBXProject "Movies" */;
			compatibilityVersion = "Xcode 14.0";
			developmentRegion = en;
			hasScannedForEncodings = 0;
			knownRegions = (
				en,
				Base,
			);
			mainGroup = B93EB94F2A24110C00BB9DB6;
			productRefGroup = B93EB9592A24110C00BB9DB6 /* Products */;
			projectDirPath = "";
			projectRoot = "";
			targets = (
				B93EB9572A24110C00BB9DB6 /* Movies */,
				B93EB96C2A24110D00BB9DB6 /* MoviesTests */,
				B93EB9762A24110D00BB9DB6 /* MoviesUITests */,
			);
		};
/* End PBXProject section */

/* Begin PBXResourcesBuildPhase section */
		B93EB9562A24110C00BB9DB6 /* Resources */ = {
			isa = PBXResourcesBuildPhase;
			buildActionMask = 2147483647;
			files = (
				B93EB9632A24110D00BB9DB6 /* Preview Assets.xcassets in Resources */,
				B93EB9602A24110D00BB9DB6 /* Assets.xcassets in Resources */,
			);
			runOnlyForDeploymentPostprocessing = 0;
		};
		B93EB96B2A24110D00BB9DB6 /* Resources */ = {
			isa = PBXResourcesBuildPhase;
			buildActionMask = 2147483647;
			files = (
			);
			runOnlyForDeploymentPostprocessing = 0;
		};
		B93EB9752A24110D00BB9DB6 /* Resources */ = {
			isa = PBXResourcesBuildPhase;
			buildActionMask = 2147483647;
			files = (
			);
			runOnlyForDeploymentPostprocessing = 0;
		};
/* End PBXResourcesBuildPhase section */

/* Begin PBXSourcesBuildPhase section */
		B93EB9542A24110C00BB9DB6 /* Sources */ = {
			isa = PBXSourcesBuildPhase;
			buildActionMask = 2147483647;
			files = (
				B9492E842A26F735006ADDCB /* PersistenceErrorExtension.swift in Sources */,
				B9541E582A282F8600E52A42 /* ImageInDiskCacheView.swift in Sources */,
				B93EB99B2A24231F00BB9DB6 /* SearchMovieAPIResponse.swift in Sources */,
				B93EB9652A24110D00BB9DB6 /* PersistenceController.swift in Sources */,
				B93EB95E2A24110C00BB9DB6 /* ContentView.swift in Sources */,
				B93EB98C2A24134000BB9DB6 /* SearchBar.swift in Sources */,
				B93EB9A52A2452A800BB9DB6 /* ErrorViewModifier.swift in Sources */,
				B93EB9682A24110D00BB9DB6 /* Movies.xcdatamodeld in Sources */,
				B93EB9982A24227E00BB9DB6 /* RealNetworkService.swift in Sources */,
				B93EB9AB2A24540E00BB9DB6 /* NetworkErrorExtension.swift in Sources */,
				B9541E5F2A2963A500E52A42 /* NetworkService.swift in Sources */,
				B93EB9922A241C0100BB9DB6 /* Constants.swift in Sources */,
				B9541E612A29645000E52A42 /* MockNetworkService.swift in Sources */,
				B93EB9952A24207C00BB9DB6 /* URLExtension.swift in Sources */,
				B93EB9A92A2453D400BB9DB6 /* NetworkError.swift in Sources */,
				B9492E822A26F5A8006ADDCB /* PersistenceError.swift in Sources */,
				B9541E5A2A2846DA00E52A42 /* MyFileManager.swift in Sources */,
				B93EB95C2A24110C00BB9DB6 /* MoviesApp.swift in Sources */,
				B93EB99D2A2425A900BB9DB6 /* Movie.swift in Sources */,
				B93EB9AF2A2457D500BB9DB6 /* MovieCellView.swift in Sources */,
				B93EB9B32A25733900BB9DB6 /* ViewExtension.swift in Sources */,
				B93EB9A02A2432D100BB9DB6 /* MovieAVM.swift in Sources */,
				B93EB98F2A24148B00BB9DB6 /* SearchScreen.swift in Sources */,
				B93EB9B12A2457E600BB9DB6 /* MovieDetailView.swift in Sources */,
				B93EB9AD2A24565E00BB9DB6 /* EmptyListViewModifier.swift in Sources */,
			);
			runOnlyForDeploymentPostprocessing = 0;
		};
		B93EB9692A24110D00BB9DB6 /* Sources */ = {
			isa = PBXSourcesBuildPhase;
			buildActionMask = 2147483647;
			files = (
				B9541E632A29761500E52A42 /* PersistenceControllerTests.swift in Sources */,
				B9541E5C2A29535600E52A42 /* MovieAVMTests.swift in Sources */,
				B9541E652A2978D300E52A42 /* MyFileManagerTests.swift in Sources */,
			);
			runOnlyForDeploymentPostprocessing = 0;
		};
		B93EB9732A24110D00BB9DB6 /* Sources */ = {
			isa = PBXSourcesBuildPhase;
			buildActionMask = 2147483647;
			files = (
				B93EB97C2A24110D00BB9DB6 /* MoviesUITests.swift in Sources */,
				B93EB97E2A24110D00BB9DB6 /* MoviesUITestsLaunchTests.swift in Sources */,
			);
			runOnlyForDeploymentPostprocessing = 0;
		};
/* End PBXSourcesBuildPhase section */

/* Begin PBXTargetDependency section */
		B93EB96F2A24110D00BB9DB6 /* PBXTargetDependency */ = {
			isa = PBXTargetDependency;
			target = B93EB9572A24110C00BB9DB6 /* Movies */;
			targetProxy = B93EB96E2A24110D00BB9DB6 /* PBXContainerItemProxy */;
		};
		B93EB9792A24110D00BB9DB6 /* PBXTargetDependency */ = {
			isa = PBXTargetDependency;
			target = B93EB9572A24110C00BB9DB6 /* Movies */;
			targetProxy = B93EB9782A24110D00BB9DB6 /* PBXContainerItemProxy */;
		};
/* End PBXTargetDependency section */

/* Begin XCBuildConfiguration section */
		B93EB97F2A24110D00BB9DB6 /* Debug */ = {
			isa = XCBuildConfiguration;
			buildSettings = {
				ALWAYS_SEARCH_USER_PATHS = NO;
				CLANG_ANALYZER_NONNULL = YES;
				CLANG_ANALYZER_NUMBER_OBJECT_CONVERSION = YES_AGGRESSIVE;
				CLANG_CXX_LANGUAGE_STANDARD = "gnu++20";
				CLANG_ENABLE_MODULES = YES;
				CLANG_ENABLE_OBJC_ARC = YES;
				CLANG_ENABLE_OBJC_WEAK = YES;
				CLANG_WARN_BLOCK_CAPTURE_AUTORELEASING = YES;
				CLANG_WARN_BOOL_CONVERSION = YES;
				CLANG_WARN_COMMA = YES;
				CLANG_WARN_CONSTANT_CONVERSION = YES;
				CLANG_WARN_DEPRECATED_OBJC_IMPLEMENTATIONS = YES;
				CLANG_WARN_DIRECT_OBJC_ISA_USAGE = YES_ERROR;
				CLANG_WARN_DOCUMENTATION_COMMENTS = YES;
				CLANG_WARN_EMPTY_BODY = YES;
				CLANG_WARN_ENUM_CONVERSION = YES;
				CLANG_WARN_INFINITE_RECURSION = YES;
				CLANG_WARN_INT_CONVERSION = YES;
				CLANG_WARN_NON_LITERAL_NULL_CONVERSION = YES;
				CLANG_WARN_OBJC_IMPLICIT_RETAIN_SELF = YES;
				CLANG_WARN_OBJC_LITERAL_CONVERSION = YES;
				CLANG_WARN_OBJC_ROOT_CLASS = YES_ERROR;
				CLANG_WARN_QUOTED_INCLUDE_IN_FRAMEWORK_HEADER = YES;
				CLANG_WARN_RANGE_LOOP_ANALYSIS = YES;
				CLANG_WARN_STRICT_PROTOTYPES = YES;
				CLANG_WARN_SUSPICIOUS_MOVE = YES;
				CLANG_WARN_UNGUARDED_AVAILABILITY = YES_AGGRESSIVE;
				CLANG_WARN_UNREACHABLE_CODE = YES;
				CLANG_WARN__DUPLICATE_METHOD_MATCH = YES;
				COPY_PHASE_STRIP = NO;
				DEBUG_INFORMATION_FORMAT = dwarf;
				ENABLE_STRICT_OBJC_MSGSEND = YES;
				ENABLE_TESTABILITY = YES;
				GCC_C_LANGUAGE_STANDARD = gnu11;
				GCC_DYNAMIC_NO_PIC = NO;
				GCC_NO_COMMON_BLOCKS = YES;
				GCC_OPTIMIZATION_LEVEL = 0;
				GCC_PREPROCESSOR_DEFINITIONS = (
					"DEBUG=1",
					"$(inherited)",
				);
				GCC_WARN_64_TO_32_BIT_CONVERSION = YES;
				GCC_WARN_ABOUT_RETURN_TYPE = YES_ERROR;
				GCC_WARN_UNDECLARED_SELECTOR = YES;
				GCC_WARN_UNINITIALIZED_AUTOS = YES_AGGRESSIVE;
				GCC_WARN_UNUSED_FUNCTION = YES;
				GCC_WARN_UNUSED_VARIABLE = YES;
				IPHONEOS_DEPLOYMENT_TARGET = 16.4;
				MTL_ENABLE_DEBUG_INFO = INCLUDE_SOURCE;
				MTL_FAST_MATH = YES;
				ONLY_ACTIVE_ARCH = YES;
				SDKROOT = iphoneos;
				SWIFT_ACTIVE_COMPILATION_CONDITIONS = DEBUG;
				SWIFT_OPTIMIZATION_LEVEL = "-Onone";
			};
			name = Debug;
		};
		B93EB9802A24110D00BB9DB6 /* Release */ = {
			isa = XCBuildConfiguration;
			buildSettings = {
				ALWAYS_SEARCH_USER_PATHS = NO;
				CLANG_ANALYZER_NONNULL = YES;
				CLANG_ANALYZER_NUMBER_OBJECT_CONVERSION = YES_AGGRESSIVE;
				CLANG_CXX_LANGUAGE_STANDARD = "gnu++20";
				CLANG_ENABLE_MODULES = YES;
				CLANG_ENABLE_OBJC_ARC = YES;
				CLANG_ENABLE_OBJC_WEAK = YES;
				CLANG_WARN_BLOCK_CAPTURE_AUTORELEASING = YES;
				CLANG_WARN_BOOL_CONVERSION = YES;
				CLANG_WARN_COMMA = YES;
				CLANG_WARN_CONSTANT_CONVERSION = YES;
				CLANG_WARN_DEPRECATED_OBJC_IMPLEMENTATIONS = YES;
				CLANG_WARN_DIRECT_OBJC_ISA_USAGE = YES_ERROR;
				CLANG_WARN_DOCUMENTATION_COMMENTS = YES;
				CLANG_WARN_EMPTY_BODY = YES;
				CLANG_WARN_ENUM_CONVERSION = YES;
				CLANG_WARN_INFINITE_RECURSION = YES;
				CLANG_WARN_INT_CONVERSION = YES;
				CLANG_WARN_NON_LITERAL_NULL_CONVERSION = YES;
				CLANG_WARN_OBJC_IMPLICIT_RETAIN_SELF = YES;
				CLANG_WARN_OBJC_LITERAL_CONVERSION = YES;
				CLANG_WARN_OBJC_ROOT_CLASS = YES_ERROR;
				CLANG_WARN_QUOTED_INCLUDE_IN_FRAMEWORK_HEADER = YES;
				CLANG_WARN_RANGE_LOOP_ANALYSIS = YES;
				CLANG_WARN_STRICT_PROTOTYPES = YES;
				CLANG_WARN_SUSPICIOUS_MOVE = YES;
				CLANG_WARN_UNGUARDED_AVAILABILITY = YES_AGGRESSIVE;
				CLANG_WARN_UNREACHABLE_CODE = YES;
				CLANG_WARN__DUPLICATE_METHOD_MATCH = YES;
				COPY_PHASE_STRIP = NO;
				DEBUG_INFORMATION_FORMAT = "dwarf-with-dsym";
				ENABLE_NS_ASSERTIONS = NO;
				ENABLE_STRICT_OBJC_MSGSEND = YES;
				GCC_C_LANGUAGE_STANDARD = gnu11;
				GCC_NO_COMMON_BLOCKS = YES;
				GCC_WARN_64_TO_32_BIT_CONVERSION = YES;
				GCC_WARN_ABOUT_RETURN_TYPE = YES_ERROR;
				GCC_WARN_UNDECLARED_SELECTOR = YES;
				GCC_WARN_UNINITIALIZED_AUTOS = YES_AGGRESSIVE;
				GCC_WARN_UNUSED_FUNCTION = YES;
				GCC_WARN_UNUSED_VARIABLE = YES;
				IPHONEOS_DEPLOYMENT_TARGET = 16.4;
				MTL_ENABLE_DEBUG_INFO = NO;
				MTL_FAST_MATH = YES;
				SDKROOT = iphoneos;
				SWIFT_COMPILATION_MODE = wholemodule;
				SWIFT_OPTIMIZATION_LEVEL = "-O";
				VALIDATE_PRODUCT = YES;
			};
			name = Release;
		};
		B93EB9822A24110D00BB9DB6 /* Debug */ = {
			isa = XCBuildConfiguration;
			buildSettings = {
				ASSETCATALOG_COMPILER_APPICON_NAME = AppIcon;
				ASSETCATALOG_COMPILER_GLOBAL_ACCENT_COLOR_NAME = AccentColor;
				CODE_SIGN_STYLE = Automatic;
				CURRENT_PROJECT_VERSION = 1;
				DEVELOPMENT_ASSET_PATHS = "\"Movies/Preview Content\"";
				DEVELOPMENT_TEAM = H9248H5GJ9;
				ENABLE_PREVIEWS = YES;
				GENERATE_INFOPLIST_FILE = YES;
				INFOPLIST_KEY_UIApplicationSceneManifest_Generation = YES;
				INFOPLIST_KEY_UIApplicationSupportsIndirectInputEvents = YES;
				INFOPLIST_KEY_UILaunchScreen_Generation = YES;
				INFOPLIST_KEY_UISupportedInterfaceOrientations_iPad = "UIInterfaceOrientationPortrait UIInterfaceOrientationPortraitUpsideDown UIInterfaceOrientationLandscapeLeft UIInterfaceOrientationLandscapeRight";
				INFOPLIST_KEY_UISupportedInterfaceOrientations_iPhone = "UIInterfaceOrientationPortrait UIInterfaceOrientationLandscapeLeft UIInterfaceOrientationLandscapeRight";
				LD_RUNPATH_SEARCH_PATHS = (
					"$(inherited)",
					"@executable_path/Frameworks",
				);
				MARKETING_VERSION = 1.0;
				PRODUCT_BUNDLE_IDENTIFIER = FW.Movies;
				PRODUCT_NAME = "$(TARGET_NAME)";
				SWIFT_EMIT_LOC_STRINGS = YES;
				SWIFT_VERSION = 5.0;
				TARGETED_DEVICE_FAMILY = "1,2";
			};
			name = Debug;
		};
		B93EB9832A24110D00BB9DB6 /* Release */ = {
			isa = XCBuildConfiguration;
			buildSettings = {
				ASSETCATALOG_COMPILER_APPICON_NAME = AppIcon;
				ASSETCATALOG_COMPILER_GLOBAL_ACCENT_COLOR_NAME = AccentColor;
				CODE_SIGN_STYLE = Automatic;
				CURRENT_PROJECT_VERSION = 1;
				DEVELOPMENT_ASSET_PATHS = "\"Movies/Preview Content\"";
				DEVELOPMENT_TEAM = H9248H5GJ9;
				ENABLE_PREVIEWS = YES;
				GENERATE_INFOPLIST_FILE = YES;
				INFOPLIST_KEY_UIApplicationSceneManifest_Generation = YES;
				INFOPLIST_KEY_UIApplicationSupportsIndirectInputEvents = YES;
				INFOPLIST_KEY_UILaunchScreen_Generation = YES;
				INFOPLIST_KEY_UISupportedInterfaceOrientations_iPad = "UIInterfaceOrientationPortrait UIInterfaceOrientationPortraitUpsideDown UIInterfaceOrientationLandscapeLeft UIInterfaceOrientationLandscapeRight";
				INFOPLIST_KEY_UISupportedInterfaceOrientations_iPhone = "UIInterfaceOrientationPortrait UIInterfaceOrientationLandscapeLeft UIInterfaceOrientationLandscapeRight";
				LD_RUNPATH_SEARCH_PATHS = (
					"$(inherited)",
					"@executable_path/Frameworks",
				);
				MARKETING_VERSION = 1.0;
				PRODUCT_BUNDLE_IDENTIFIER = FW.Movies;
				PRODUCT_NAME = "$(TARGET_NAME)";
				SWIFT_EMIT_LOC_STRINGS = YES;
				SWIFT_VERSION = 5.0;
				TARGETED_DEVICE_FAMILY = "1,2";
			};
			name = Release;
		};
		B93EB9852A24110D00BB9DB6 /* Debug */ = {
			isa = XCBuildConfiguration;
			buildSettings = {
				ALWAYS_EMBED_SWIFT_STANDARD_LIBRARIES = YES;
				BUNDLE_LOADER = "$(TEST_HOST)";
				CODE_SIGN_STYLE = Automatic;
				CURRENT_PROJECT_VERSION = 1;
				DEVELOPMENT_TEAM = H9248H5GJ9;
				GENERATE_INFOPLIST_FILE = YES;
				IPHONEOS_DEPLOYMENT_TARGET = 16.4;
				MARKETING_VERSION = 1.0;
				PRODUCT_BUNDLE_IDENTIFIER = FW.MoviesTests;
				PRODUCT_NAME = "$(TARGET_NAME)";
				SWIFT_EMIT_LOC_STRINGS = NO;
				SWIFT_VERSION = 5.0;
				TARGETED_DEVICE_FAMILY = "1,2";
				TEST_HOST = "$(BUILT_PRODUCTS_DIR)/Movies.app/$(BUNDLE_EXECUTABLE_FOLDER_PATH)/Movies";
			};
			name = Debug;
		};
		B93EB9862A24110D00BB9DB6 /* Release */ = {
			isa = XCBuildConfiguration;
			buildSettings = {
				ALWAYS_EMBED_SWIFT_STANDARD_LIBRARIES = YES;
				BUNDLE_LOADER = "$(TEST_HOST)";
				CODE_SIGN_STYLE = Automatic;
				CURRENT_PROJECT_VERSION = 1;
				DEVELOPMENT_TEAM = H9248H5GJ9;
				GENERATE_INFOPLIST_FILE = YES;
				IPHONEOS_DEPLOYMENT_TARGET = 16.4;
				MARKETING_VERSION = 1.0;
				PRODUCT_BUNDLE_IDENTIFIER = FW.MoviesTests;
				PRODUCT_NAME = "$(TARGET_NAME)";
				SWIFT_EMIT_LOC_STRINGS = NO;
				SWIFT_VERSION = 5.0;
				TARGETED_DEVICE_FAMILY = "1,2";
				TEST_HOST = "$(BUILT_PRODUCTS_DIR)/Movies.app/$(BUNDLE_EXECUTABLE_FOLDER_PATH)/Movies";
			};
			name = Release;
		};
		B93EB9882A24110D00BB9DB6 /* Debug */ = {
			isa = XCBuildConfiguration;
			buildSettings = {
				ALWAYS_EMBED_SWIFT_STANDARD_LIBRARIES = YES;
				CODE_SIGN_STYLE = Automatic;
				CURRENT_PROJECT_VERSION = 1;
				DEVELOPMENT_TEAM = H9248H5GJ9;
				GENERATE_INFOPLIST_FILE = YES;
				MARKETING_VERSION = 1.0;
				PRODUCT_BUNDLE_IDENTIFIER = FW.MoviesUITests;
				PRODUCT_NAME = "$(TARGET_NAME)";
				SWIFT_EMIT_LOC_STRINGS = NO;
				SWIFT_VERSION = 5.0;
				TARGETED_DEVICE_FAMILY = "1,2";
				TEST_TARGET_NAME = Movies;
			};
			name = Debug;
		};
		B93EB9892A24110D00BB9DB6 /* Release */ = {
			isa = XCBuildConfiguration;
			buildSettings = {
				ALWAYS_EMBED_SWIFT_STANDARD_LIBRARIES = YES;
				CODE_SIGN_STYLE = Automatic;
				CURRENT_PROJECT_VERSION = 1;
				DEVELOPMENT_TEAM = H9248H5GJ9;
				GENERATE_INFOPLIST_FILE = YES;
				MARKETING_VERSION = 1.0;
				PRODUCT_BUNDLE_IDENTIFIER = FW.MoviesUITests;
				PRODUCT_NAME = "$(TARGET_NAME)";
				SWIFT_EMIT_LOC_STRINGS = NO;
				SWIFT_VERSION = 5.0;
				TARGETED_DEVICE_FAMILY = "1,2";
				TEST_TARGET_NAME = Movies;
			};
			name = Release;
		};
/* End XCBuildConfiguration section */

/* Begin XCConfigurationList section */
		B93EB9532A24110C00BB9DB6 /* Build configuration list for PBXProject "Movies" */ = {
			isa = XCConfigurationList;
			buildConfigurations = (
				B93EB97F2A24110D00BB9DB6 /* Debug */,
				B93EB9802A24110D00BB9DB6 /* Release */,
			);
			defaultConfigurationIsVisible = 0;
			defaultConfigurationName = Release;
		};
		B93EB9812A24110D00BB9DB6 /* Build configuration list for PBXNativeTarget "Movies" */ = {
			isa = XCConfigurationList;
			buildConfigurations = (
				B93EB9822A24110D00BB9DB6 /* Debug */,
				B93EB9832A24110D00BB9DB6 /* Release */,
			);
			defaultConfigurationIsVisible = 0;
			defaultConfigurationName = Release;
		};
		B93EB9842A24110D00BB9DB6 /* Build configuration list for PBXNativeTarget "MoviesTests" */ = {
			isa = XCConfigurationList;
			buildConfigurations = (
				B93EB9852A24110D00BB9DB6 /* Debug */,
				B93EB9862A24110D00BB9DB6 /* Release */,
			);
			defaultConfigurationIsVisible = 0;
			defaultConfigurationName = Release;
		};
		B93EB9872A24110D00BB9DB6 /* Build configuration list for PBXNativeTarget "MoviesUITests" */ = {
			isa = XCConfigurationList;
			buildConfigurations = (
				B93EB9882A24110D00BB9DB6 /* Debug */,
				B93EB9892A24110D00BB9DB6 /* Release */,
			);
			defaultConfigurationIsVisible = 0;
			defaultConfigurationName = Release;
		};
/* End XCConfigurationList section */

/* Begin XCVersionGroup section */
		B93EB9662A24110D00BB9DB6 /* Movies.xcdatamodeld */ = {
			isa = XCVersionGroup;
			children = (
				B93EB9672A24110D00BB9DB6 /* Movies.xcdatamodel */,
			);
			currentVersion = B93EB9672A24110D00BB9DB6 /* Movies.xcdatamodel */;
			path = Movies.xcdatamodeld;
			sourceTree = "<group>";
			versionGroupType = wrapper.xcdatamodel;
		};
/* End XCVersionGroup section */
	};
	rootObject = B93EB9502A24110C00BB9DB6 /* Project object */;
}
